// !$*UTF8*$!
{
	archiveVersion = 1;
	classes = {
	};
	objectVersion = 56;
	objects = {

/* Begin PBXBuildFile section */
		E0707B862B66C97B009CC347 /* ThreadsApp.swift in Sources */ = {isa = PBXBuildFile; fileRef = E0707B852B66C97B009CC347 /* ThreadsApp.swift */; };
		E0707B882B66C97B009CC347 /* ContentView.swift in Sources */ = {isa = PBXBuildFile; fileRef = E0707B872B66C97B009CC347 /* ContentView.swift */; };
		E0707B8A2B66C97C009CC347 /* Assets.xcassets in Resources */ = {isa = PBXBuildFile; fileRef = E0707B892B66C97C009CC347 /* Assets.xcassets */; };
		E0707B8D2B66C97C009CC347 /* Preview Assets.xcassets in Resources */ = {isa = PBXBuildFile; fileRef = E0707B8C2B66C97C009CC347 /* Preview Assets.xcassets */; };
		E0707B9D2B66E66B009CC347 /* LoginView.swift in Sources */ = {isa = PBXBuildFile; fileRef = E0707B9C2B66E66B009CC347 /* LoginView.swift */; };
		E0707B9F2B67198F009CC347 /* ThreadsTFViewModifier.swift in Sources */ = {isa = PBXBuildFile; fileRef = E0707B9E2B67198F009CC347 /* ThreadsTFViewModifier.swift */; };
		E0707BA12B671B15009CC347 /* RegistrationView.swift in Sources */ = {isa = PBXBuildFile; fileRef = E0707BA02B671B15009CC347 /* RegistrationView.swift */; };
		E0707BA42B671BDE009CC347 /* AppIconView.swift in Sources */ = {isa = PBXBuildFile; fileRef = E0707BA32B671BDE009CC347 /* AppIconView.swift */; };
		E0707BA62B671C36009CC347 /* ActionButtonView.swift in Sources */ = {isa = PBXBuildFile; fileRef = E0707BA52B671C36009CC347 /* ActionButtonView.swift */; };
		E0707BA82B671D08009CC347 /* FooterLinkView.swift in Sources */ = {isa = PBXBuildFile; fileRef = E0707BA72B671D08009CC347 /* FooterLinkView.swift */; };
		E0707BAB2B673541009CC347 /* ThreadsTabView.swift in Sources */ = {isa = PBXBuildFile; fileRef = E0707BAA2B673541009CC347 /* ThreadsTabView.swift */; };
		E0707BAF2B67371B009CC347 /* FeedView.swift in Sources */ = {isa = PBXBuildFile; fileRef = E0707BAE2B67371B009CC347 /* FeedView.swift */; };
		E0707BB32B67373F009CC347 /* ExploreView.swift in Sources */ = {isa = PBXBuildFile; fileRef = E0707BB22B67373F009CC347 /* ExploreView.swift */; };
		E0707BB72B673760009CC347 /* CreateThreadView.swift in Sources */ = {isa = PBXBuildFile; fileRef = E0707BB62B673760009CC347 /* CreateThreadView.swift */; };
		E0707BBC2B6737C2009CC347 /* ActivityView.swift in Sources */ = {isa = PBXBuildFile; fileRef = E0707BBB2B6737C2009CC347 /* ActivityView.swift */; };
		E0707BC02B6737E3009CC347 /* ProfileView.swift in Sources */ = {isa = PBXBuildFile; fileRef = E0707BBF2B6737E3009CC347 /* ProfileView.swift */; };
		E0707BC22B67DD94009CC347 /* ThreadCell.swift in Sources */ = {isa = PBXBuildFile; fileRef = E0707BC12B67DD94009CC347 /* ThreadCell.swift */; };
		E0707BC52B68758A009CC347 /* CircularProfileImageView.swift in Sources */ = {isa = PBXBuildFile; fileRef = E0707BC42B68758A009CC347 /* CircularProfileImageView.swift */; };
		E0707BC82B687600009CC347 /* UserCellView.swift in Sources */ = {isa = PBXBuildFile; fileRef = E0707BC72B687600009CC347 /* UserCellView.swift */; };
		E0790D932B69B23E000826A0 /* ProfileThreadFilter.swift in Sources */ = {isa = PBXBuildFile; fileRef = E0790D922B69B23E000826A0 /* ProfileThreadFilter.swift */; };
		E0790D972B69B329000826A0 /* LinkAction.swift in Sources */ = {isa = PBXBuildFile; fileRef = E0790D962B69B329000826A0 /* LinkAction.swift */; };
		E0790D992B69B355000826A0 /* ButtonAction.swift in Sources */ = {isa = PBXBuildFile; fileRef = E0790D982B69B355000826A0 /* ButtonAction.swift */; };
		E0790D9D2B69C6BF000826A0 /* EditProfileView.swift in Sources */ = {isa = PBXBuildFile; fileRef = E0790D9C2B69C6BF000826A0 /* EditProfileView.swift */; };
		E0A93D7A2B6BD0A90037E2FF /* ContentViewModel.swift in Sources */ = {isa = PBXBuildFile; fileRef = E0A93D792B6BD0A90037E2FF /* ContentViewModel.swift */; };
		E0A93D7D2B6BD61A0037E2FF /* LoginViewModel.swift in Sources */ = {isa = PBXBuildFile; fileRef = E0A93D7C2B6BD61A0037E2FF /* LoginViewModel.swift */; };
		E0A93D7F2B6DBBE80037E2FF /* User.swift in Sources */ = {isa = PBXBuildFile; fileRef = E0A93D7E2B6DBBE80037E2FF /* User.swift */; };
		E0A93D812B6DBEAB0037E2FF /* UserService.swift in Sources */ = {isa = PBXBuildFile; fileRef = E0A93D802B6DBEAB0037E2FF /* UserService.swift */; };
		E0A93D842B6DC02F0037E2FF /* CurrentUserProfileViewModel.swift in Sources */ = {isa = PBXBuildFile; fileRef = E0A93D832B6DC02F0037E2FF /* CurrentUserProfileViewModel.swift */; };
		E0A93D862B7507F10037E2FF /* Collections.swift in Sources */ = {isa = PBXBuildFile; fileRef = E0A93D852B7507F10037E2FF /* Collections.swift */; };
		E0A93D892B750A1E0037E2FF /* ExploreViewModel.swift in Sources */ = {isa = PBXBuildFile; fileRef = E0A93D882B750A1E0037E2FF /* ExploreViewModel.swift */; };
		E0A93D8B2B750F640037E2FF /* User+MockData.swift in Sources */ = {isa = PBXBuildFile; fileRef = E0A93D8A2B750F640037E2FF /* User+MockData.swift */; };
		E0A93D8F2B7544600037E2FF /* CurrentUserProfileView.swift in Sources */ = {isa = PBXBuildFile; fileRef = E0A93D8E2B7544600037E2FF /* CurrentUserProfileView.swift */; };
		E0A93D932B7547300037E2FF /* ProfileHeaderView.swift in Sources */ = {isa = PBXBuildFile; fileRef = E0A93D922B7547300037E2FF /* ProfileHeaderView.swift */; };
		E0A93D952B7548B20037E2FF /* UserContentListView.swift in Sources */ = {isa = PBXBuildFile; fileRef = E0A93D942B7548B20037E2FF /* UserContentListView.swift */; };
		E0C115FB2B6B124D00C2EB96 /* GoogleService-Info.plist in Resources */ = {isa = PBXBuildFile; fileRef = E0C115FA2B6B124D00C2EB96 /* GoogleService-Info.plist */; };
		E0C115FE2B6B131400C2EB96 /* FirebaseAuth in Frameworks */ = {isa = PBXBuildFile; productRef = E0C115FD2B6B131400C2EB96 /* FirebaseAuth */; };
		E0C116002B6B131400C2EB96 /* FirebaseFirestore in Frameworks */ = {isa = PBXBuildFile; productRef = E0C115FF2B6B131400C2EB96 /* FirebaseFirestore */; };
		E0C116022B6B131400C2EB96 /* FirebaseFirestoreSwift in Frameworks */ = {isa = PBXBuildFile; productRef = E0C116012B6B131400C2EB96 /* FirebaseFirestoreSwift */; };
		E0C116042B6B131400C2EB96 /* FirebaseStorage in Frameworks */ = {isa = PBXBuildFile; productRef = E0C116032B6B131400C2EB96 /* FirebaseStorage */; };
		E0C116082B6B159800C2EB96 /* RegistrationViewModel.swift in Sources */ = {isa = PBXBuildFile; fileRef = E0C116072B6B159800C2EB96 /* RegistrationViewModel.swift */; };
		E0C1160A2B6B162C00C2EB96 /* AuthService.swift in Sources */ = {isa = PBXBuildFile; fileRef = E0C116092B6B162C00C2EB96 /* AuthService.swift */; };
/* End PBXBuildFile section */

/* Begin PBXFileReference section */
		E0707B822B66C97B009CC347 /* Threads.app */ = {isa = PBXFileReference; explicitFileType = wrapper.application; includeInIndex = 0; path = Threads.app; sourceTree = BUILT_PRODUCTS_DIR; };
		E0707B852B66C97B009CC347 /* ThreadsApp.swift */ = {isa = PBXFileReference; lastKnownFileType = sourcecode.swift; path = ThreadsApp.swift; sourceTree = "<group>"; };
		E0707B872B66C97B009CC347 /* ContentView.swift */ = {isa = PBXFileReference; lastKnownFileType = sourcecode.swift; path = ContentView.swift; sourceTree = "<group>"; };
		E0707B892B66C97C009CC347 /* Assets.xcassets */ = {isa = PBXFileReference; lastKnownFileType = folder.assetcatalog; path = Assets.xcassets; sourceTree = "<group>"; };
		E0707B8C2B66C97C009CC347 /* Preview Assets.xcassets */ = {isa = PBXFileReference; lastKnownFileType = folder.assetcatalog; path = "Preview Assets.xcassets"; sourceTree = "<group>"; };
		E0707B9C2B66E66B009CC347 /* LoginView.swift */ = {isa = PBXFileReference; lastKnownFileType = sourcecode.swift; path = LoginView.swift; sourceTree = "<group>"; };
		E0707B9E2B67198F009CC347 /* ThreadsTFViewModifier.swift */ = {isa = PBXFileReference; lastKnownFileType = sourcecode.swift; path = ThreadsTFViewModifier.swift; sourceTree = "<group>"; };
		E0707BA02B671B15009CC347 /* RegistrationView.swift */ = {isa = PBXFileReference; lastKnownFileType = sourcecode.swift; path = RegistrationView.swift; sourceTree = "<group>"; };
		E0707BA32B671BDE009CC347 /* AppIconView.swift */ = {isa = PBXFileReference; lastKnownFileType = sourcecode.swift; path = AppIconView.swift; sourceTree = "<group>"; };
		E0707BA52B671C36009CC347 /* ActionButtonView.swift */ = {isa = PBXFileReference; lastKnownFileType = sourcecode.swift; path = ActionButtonView.swift; sourceTree = "<group>"; };
		E0707BA72B671D08009CC347 /* FooterLinkView.swift */ = {isa = PBXFileReference; lastKnownFileType = sourcecode.swift; path = FooterLinkView.swift; sourceTree = "<group>"; };
		E0707BAA2B673541009CC347 /* ThreadsTabView.swift */ = {isa = PBXFileReference; lastKnownFileType = sourcecode.swift; path = ThreadsTabView.swift; sourceTree = "<group>"; };
		E0707BAE2B67371B009CC347 /* FeedView.swift */ = {isa = PBXFileReference; lastKnownFileType = sourcecode.swift; path = FeedView.swift; sourceTree = "<group>"; };
		E0707BB22B67373F009CC347 /* ExploreView.swift */ = {isa = PBXFileReference; lastKnownFileType = sourcecode.swift; path = ExploreView.swift; sourceTree = "<group>"; };
		E0707BB62B673760009CC347 /* CreateThreadView.swift */ = {isa = PBXFileReference; lastKnownFileType = sourcecode.swift; path = CreateThreadView.swift; sourceTree = "<group>"; };
		E0707BBB2B6737C2009CC347 /* ActivityView.swift */ = {isa = PBXFileReference; lastKnownFileType = sourcecode.swift; path = ActivityView.swift; sourceTree = "<group>"; };
		E0707BBF2B6737E3009CC347 /* ProfileView.swift */ = {isa = PBXFileReference; lastKnownFileType = sourcecode.swift; path = ProfileView.swift; sourceTree = "<group>"; };
		E0707BC12B67DD94009CC347 /* ThreadCell.swift */ = {isa = PBXFileReference; lastKnownFileType = sourcecode.swift; path = ThreadCell.swift; sourceTree = "<group>"; };
		E0707BC42B68758A009CC347 /* CircularProfileImageView.swift */ = {isa = PBXFileReference; lastKnownFileType = sourcecode.swift; path = CircularProfileImageView.swift; sourceTree = "<group>"; };
		E0707BC72B687600009CC347 /* UserCellView.swift */ = {isa = PBXFileReference; lastKnownFileType = sourcecode.swift; path = UserCellView.swift; sourceTree = "<group>"; };
		E0790D922B69B23E000826A0 /* ProfileThreadFilter.swift */ = {isa = PBXFileReference; lastKnownFileType = sourcecode.swift; path = ProfileThreadFilter.swift; sourceTree = "<group>"; };
		E0790D962B69B329000826A0 /* LinkAction.swift */ = {isa = PBXFileReference; lastKnownFileType = sourcecode.swift; path = LinkAction.swift; sourceTree = "<group>"; };
		E0790D982B69B355000826A0 /* ButtonAction.swift */ = {isa = PBXFileReference; lastKnownFileType = sourcecode.swift; path = ButtonAction.swift; sourceTree = "<group>"; };
		E0790D9C2B69C6BF000826A0 /* EditProfileView.swift */ = {isa = PBXFileReference; lastKnownFileType = sourcecode.swift; path = EditProfileView.swift; sourceTree = "<group>"; };
		E0A93D792B6BD0A90037E2FF /* ContentViewModel.swift */ = {isa = PBXFileReference; lastKnownFileType = sourcecode.swift; path = ContentViewModel.swift; sourceTree = "<group>"; };
		E0A93D7C2B6BD61A0037E2FF /* LoginViewModel.swift */ = {isa = PBXFileReference; lastKnownFileType = sourcecode.swift; path = LoginViewModel.swift; sourceTree = "<group>"; };
		E0A93D7E2B6DBBE80037E2FF /* User.swift */ = {isa = PBXFileReference; lastKnownFileType = sourcecode.swift; path = User.swift; sourceTree = "<group>"; };
		E0A93D802B6DBEAB0037E2FF /* UserService.swift */ = {isa = PBXFileReference; lastKnownFileType = sourcecode.swift; path = UserService.swift; sourceTree = "<group>"; };
		E0A93D832B6DC02F0037E2FF /* CurrentUserProfileViewModel.swift */ = {isa = PBXFileReference; lastKnownFileType = sourcecode.swift; path = CurrentUserProfileViewModel.swift; sourceTree = "<group>"; };
		E0A93D852B7507F10037E2FF /* Collections.swift */ = {isa = PBXFileReference; lastKnownFileType = sourcecode.swift; path = Collections.swift; sourceTree = "<group>"; };
		E0A93D882B750A1E0037E2FF /* ExploreViewModel.swift */ = {isa = PBXFileReference; lastKnownFileType = sourcecode.swift; path = ExploreViewModel.swift; sourceTree = "<group>"; };
		E0A93D8A2B750F640037E2FF /* User+MockData.swift */ = {isa = PBXFileReference; lastKnownFileType = sourcecode.swift; path = "User+MockData.swift"; sourceTree = "<group>"; };
		E0A93D8E2B7544600037E2FF /* CurrentUserProfileView.swift */ = {isa = PBXFileReference; lastKnownFileType = sourcecode.swift; path = CurrentUserProfileView.swift; sourceTree = "<group>"; };
		E0A93D922B7547300037E2FF /* ProfileHeaderView.swift */ = {isa = PBXFileReference; lastKnownFileType = sourcecode.swift; path = ProfileHeaderView.swift; sourceTree = "<group>"; };
		E0A93D942B7548B20037E2FF /* UserContentListView.swift */ = {isa = PBXFileReference; lastKnownFileType = sourcecode.swift; path = UserContentListView.swift; sourceTree = "<group>"; };
		E0C115FA2B6B124D00C2EB96 /* GoogleService-Info.plist */ = {isa = PBXFileReference; fileEncoding = 4; lastKnownFileType = text.plist.xml; path = "GoogleService-Info.plist"; sourceTree = "<group>"; };
		E0C116072B6B159800C2EB96 /* RegistrationViewModel.swift */ = {isa = PBXFileReference; lastKnownFileType = sourcecode.swift; path = RegistrationViewModel.swift; sourceTree = "<group>"; };
		E0C116092B6B162C00C2EB96 /* AuthService.swift */ = {isa = PBXFileReference; lastKnownFileType = sourcecode.swift; path = AuthService.swift; sourceTree = "<group>"; };
/* End PBXFileReference section */

/* Begin PBXFrameworksBuildPhase section */
		E0707B7F2B66C97B009CC347 /* Frameworks */ = {
			isa = PBXFrameworksBuildPhase;
			buildActionMask = 2147483647;
			files = (
				E0C115FE2B6B131400C2EB96 /* FirebaseAuth in Frameworks */,
				E0C116042B6B131400C2EB96 /* FirebaseStorage in Frameworks */,
				E0C116002B6B131400C2EB96 /* FirebaseFirestore in Frameworks */,
				E0C116022B6B131400C2EB96 /* FirebaseFirestoreSwift in Frameworks */,
			);
			runOnlyForDeploymentPostprocessing = 0;
		};
/* End PBXFrameworksBuildPhase section */

/* Begin PBXGroup section */
		E0707B792B66C97B009CC347 = {
			isa = PBXGroup;
			children = (
				E0707B842B66C97B009CC347 /* Threads */,
				E0707B832B66C97B009CC347 /* Products */,
			);
			sourceTree = "<group>";
		};
		E0707B832B66C97B009CC347 /* Products */ = {
			isa = PBXGroup;
			children = (
				E0707B822B66C97B009CC347 /* Threads.app */,
			);
			name = Products;
			sourceTree = "<group>";
		};
		E0707B842B66C97B009CC347 /* Threads */ = {
			isa = PBXGroup;
			children = (
				E0707B982B66E5FA009CC347 /* App */,
				E0707B972B66E5F8009CC347 /* Core */,
				E0707B962B66E5F6009CC347 /* Extensions */,
				E0707B952B66E5F4009CC347 /* Models */,
				E0707B942B66E5F1009CC347 /* Services */,
				E0707B932B66E5E8009CC347 /* Utils */,
				E0C115FA2B6B124D00C2EB96 /* GoogleService-Info.plist */,
				E0707B892B66C97C009CC347 /* Assets.xcassets */,
				E0707B8B2B66C97C009CC347 /* Preview Content */,
			);
			path = Threads;
			sourceTree = "<group>";
		};
		E0707B8B2B66C97C009CC347 /* Preview Content */ = {
			isa = PBXGroup;
			children = (
				E0707B8C2B66C97C009CC347 /* Preview Assets.xcassets */,
			);
			path = "Preview Content";
			sourceTree = "<group>";
		};
		E0707B932B66E5E8009CC347 /* Utils */ = {
			isa = PBXGroup;
			children = (
				E0707B9E2B67198F009CC347 /* ThreadsTFViewModifier.swift */,
			);
			path = Utils;
			sourceTree = "<group>";
		};
		E0707B942B66E5F1009CC347 /* Services */ = {
			isa = PBXGroup;
			children = (
				E0A93D802B6DBEAB0037E2FF /* UserService.swift */,
			);
			path = Services;
			sourceTree = "<group>";
		};
		E0707B952B66E5F4009CC347 /* Models */ = {
			isa = PBXGroup;
			children = (
				E0A93D7E2B6DBBE80037E2FF /* User.swift */,
				E0A93D852B7507F10037E2FF /* Collections.swift */,
			);
			path = Models;
			sourceTree = "<group>";
		};
		E0707B962B66E5F6009CC347 /* Extensions */ = {
			isa = PBXGroup;
			children = (
				E0A93D8A2B750F640037E2FF /* User+MockData.swift */,
			);
			path = Extensions;
			sourceTree = "<group>";
		};
		E0707B972B66E5F8009CC347 /* Core */ = {
			isa = PBXGroup;
			children = (
				E0707BB82B67377C009CC347 /* Activity */,
				E0707B992B66E62F009CC347 /* Authentication */,
				E0707BC32B687577009CC347 /* Components */,
				E0707BB02B673734009CC347 /* Explore */,
				E0707BAC2B67370D009CC347 /* Feed */,
				E0707BBD2B6737D5009CC347 /* Profile */,
				E0707B9A2B66E636009CC347 /* Root */,
				E0707BA92B67351B009CC347 /* TabBar */,
				E0707BB42B673750009CC347 /* ThreadCreation */,
			);
			path = Core;
			sourceTree = "<group>";
		};
		E0707B982B66E5FA009CC347 /* App */ = {
			isa = PBXGroup;
			children = (
				E0707B852B66C97B009CC347 /* ThreadsApp.swift */,
			);
			path = App;
			sourceTree = "<group>";
		};
		E0707B992B66E62F009CC347 /* Authentication */ = {
			isa = PBXGroup;
			children = (
				E0790D952B69B313000826A0 /* Models */,
				E0C116062B6B157600C2EB96 /* Service */,
				E0C116052B6B157100C2EB96 /* ViewModel */,
				E0707B9B2B66E65A009CC347 /* Views */,
			);
			path = Authentication;
			sourceTree = "<group>";
		};
		E0707B9A2B66E636009CC347 /* Root */ = {
			isa = PBXGroup;
			children = (
				E0A93D772B6BD0970037E2FF /* View */,
				E0A93D782B6BD09B0037E2FF /* ViewModel */,
			);
			path = Root;
			sourceTree = "<group>";
		};
		E0707B9B2B66E65A009CC347 /* Views */ = {
			isa = PBXGroup;
			children = (
				E0707BA22B671BC2009CC347 /* Subviews */,
				E0707B9C2B66E66B009CC347 /* LoginView.swift */,
				E0707BA02B671B15009CC347 /* RegistrationView.swift */,
			);
			path = Views;
			sourceTree = "<group>";
		};
		E0707BA22B671BC2009CC347 /* Subviews */ = {
			isa = PBXGroup;
			children = (
				E0707BA52B671C36009CC347 /* ActionButtonView.swift */,
				E0707BA32B671BDE009CC347 /* AppIconView.swift */,
				E0707BA72B671D08009CC347 /* FooterLinkView.swift */,
			);
			path = Subviews;
			sourceTree = "<group>";
		};
		E0707BA92B67351B009CC347 /* TabBar */ = {
			isa = PBXGroup;
			children = (
				E0707BBA2B6737B1009CC347 /* Views */,
			);
			path = TabBar;
			sourceTree = "<group>";
		};
		E0707BAC2B67370D009CC347 /* Feed */ = {
			isa = PBXGroup;
			children = (
				E0707BAD2B673714009CC347 /* Views */,
			);
			path = Feed;
			sourceTree = "<group>";
		};
		E0707BAD2B673714009CC347 /* Views */ = {
			isa = PBXGroup;
			children = (
				E0707BAE2B67371B009CC347 /* FeedView.swift */,
				E0707BC12B67DD94009CC347 /* ThreadCell.swift */,
			);
			path = Views;
			sourceTree = "<group>";
		};
		E0707BB02B673734009CC347 /* Explore */ = {
			isa = PBXGroup;
			children = (
				E0A93D872B750A050037E2FF /* ViewModels */,
				E0707BB12B673738009CC347 /* Views */,
			);
			path = Explore;
			sourceTree = "<group>";
		};
		E0707BB12B673738009CC347 /* Views */ = {
			isa = PBXGroup;
			children = (
				E0707BB22B67373F009CC347 /* ExploreView.swift */,
			);
			path = Views;
			sourceTree = "<group>";
		};
		E0707BB42B673750009CC347 /* ThreadCreation */ = {
			isa = PBXGroup;
			children = (
				E0707BB52B673759009CC347 /* Views */,
			);
			path = ThreadCreation;
			sourceTree = "<group>";
		};
		E0707BB52B673759009CC347 /* Views */ = {
			isa = PBXGroup;
			children = (
				E0707BB62B673760009CC347 /* CreateThreadView.swift */,
			);
			path = Views;
			sourceTree = "<group>";
		};
		E0707BB82B67377C009CC347 /* Activity */ = {
			isa = PBXGroup;
			children = (
				E0707BB92B673784009CC347 /* Views */,
			);
			path = Activity;
			sourceTree = "<group>";
		};
		E0707BB92B673784009CC347 /* Views */ = {
			isa = PBXGroup;
			children = (
				E0707BBB2B6737C2009CC347 /* ActivityView.swift */,
			);
			path = Views;
			sourceTree = "<group>";
		};
		E0707BBA2B6737B1009CC347 /* Views */ = {
			isa = PBXGroup;
			children = (
				E0707BAA2B673541009CC347 /* ThreadsTabView.swift */,
			);
			path = Views;
			sourceTree = "<group>";
		};
		E0707BBD2B6737D5009CC347 /* Profile */ = {
			isa = PBXGroup;
			children = (
				E0A93D912B7546FD0037E2FF /* Components */,
				E0A93D8C2B7544440037E2FF /* CurrentUserProfile */,
				E0790D9A2B69C6AA000826A0 /* EditProfile */,
				E0790D942B69B248000826A0 /* Models */,
				E0707BBE2B6737DC009CC347 /* Views */,
			);
			path = Profile;
			sourceTree = "<group>";
		};
		E0707BBE2B6737DC009CC347 /* Views */ = {
			isa = PBXGroup;
			children = (
				E0707BBF2B6737E3009CC347 /* ProfileView.swift */,
			);
			path = Views;
			sourceTree = "<group>";
		};
		E0707BC32B687577009CC347 /* Components */ = {
			isa = PBXGroup;
			children = (
				E0707BC42B68758A009CC347 /* CircularProfileImageView.swift */,
				E0707BC72B687600009CC347 /* UserCellView.swift */,
			);
			path = Components;
			sourceTree = "<group>";
		};
		E0790D942B69B248000826A0 /* Models */ = {
			isa = PBXGroup;
			children = (
				E0790D922B69B23E000826A0 /* ProfileThreadFilter.swift */,
			);
			path = Models;
			sourceTree = "<group>";
		};
		E0790D952B69B313000826A0 /* Models */ = {
			isa = PBXGroup;
			children = (
				E0790D982B69B355000826A0 /* ButtonAction.swift */,
				E0790D962B69B329000826A0 /* LinkAction.swift */,
			);
			path = Models;
			sourceTree = "<group>";
		};
		E0790D9A2B69C6AA000826A0 /* EditProfile */ = {
			isa = PBXGroup;
			children = (
				E0790D9B2B69C6B3000826A0 /* Views */,
			);
			path = EditProfile;
			sourceTree = "<group>";
		};
		E0790D9B2B69C6B3000826A0 /* Views */ = {
			isa = PBXGroup;
			children = (
				E0790D9C2B69C6BF000826A0 /* EditProfileView.swift */,
			);
			path = Views;
			sourceTree = "<group>";
		};
		E0A93D772B6BD0970037E2FF /* View */ = {
			isa = PBXGroup;
			children = (
				E0707B872B66C97B009CC347 /* ContentView.swift */,
			);
			path = View;
			sourceTree = "<group>";
		};
		E0A93D782B6BD09B0037E2FF /* ViewModel */ = {
			isa = PBXGroup;
			children = (
				E0A93D792B6BD0A90037E2FF /* ContentViewModel.swift */,
			);
			path = ViewModel;
			sourceTree = "<group>";
		};
		E0A93D872B750A050037E2FF /* ViewModels */ = {
			isa = PBXGroup;
			children = (
				E0A93D882B750A1E0037E2FF /* ExploreViewModel.swift */,
			);
			path = ViewModels;
			sourceTree = "<group>";
		};
		E0A93D8C2B7544440037E2FF /* CurrentUserProfile */ = {
			isa = PBXGroup;
			children = (
				E0A93D8D2B7544500037E2FF /* View */,
				E0A93D902B7544B80037E2FF /* ViewModel */,
			);
			name = CurrentUserProfile;
			sourceTree = "<group>";
		};
		E0A93D8D2B7544500037E2FF /* View */ = {
			isa = PBXGroup;
			children = (
				E0A93D8E2B7544600037E2FF /* CurrentUserProfileView.swift */,
			);
			name = View;
			sourceTree = "<group>";
		};
		E0A93D902B7544B80037E2FF /* ViewModel */ = {
			isa = PBXGroup;
			children = (
				E0A93D832B6DC02F0037E2FF /* CurrentUserProfileViewModel.swift */,
			);
			name = ViewModel;
			sourceTree = "<group>";
		};
		E0A93D912B7546FD0037E2FF /* Components */ = {
			isa = PBXGroup;
			children = (
				E0A93D922B7547300037E2FF /* ProfileHeaderView.swift */,
				E0A93D942B7548B20037E2FF /* UserContentListView.swift */,
			);
			path = Components;
			sourceTree = "<group>";
		};
		E0C116052B6B157100C2EB96 /* ViewModel */ = {
			isa = PBXGroup;
			children = (
				E0A93D7C2B6BD61A0037E2FF /* LoginViewModel.swift */,
				E0C116072B6B159800C2EB96 /* RegistrationViewModel.swift */,
			);
			path = ViewModel;
			sourceTree = "<group>";
		};
		E0C116062B6B157600C2EB96 /* Service */ = {
			isa = PBXGroup;
			children = (
				E0C116092B6B162C00C2EB96 /* AuthService.swift */,
			);
			path = Service;
			sourceTree = "<group>";
		};
/* End PBXGroup section */

/* Begin PBXNativeTarget section */
		E0707B812B66C97B009CC347 /* Threads */ = {
			isa = PBXNativeTarget;
			buildConfigurationList = E0707B902B66C97C009CC347 /* Build configuration list for PBXNativeTarget "Threads" */;
			buildPhases = (
				E0707B7E2B66C97B009CC347 /* Sources */,
				E0707B7F2B66C97B009CC347 /* Frameworks */,
				E0707B802B66C97B009CC347 /* Resources */,
			);
			buildRules = (
			);
			dependencies = (
			);
			name = Threads;
			packageProductDependencies = (
				E0C115FD2B6B131400C2EB96 /* FirebaseAuth */,
				E0C115FF2B6B131400C2EB96 /* FirebaseFirestore */,
				E0C116012B6B131400C2EB96 /* FirebaseFirestoreSwift */,
				E0C116032B6B131400C2EB96 /* FirebaseStorage */,
			);
			productName = Threads;
			productReference = E0707B822B66C97B009CC347 /* Threads.app */;
			productType = "com.apple.product-type.application";
		};
/* End PBXNativeTarget section */

/* Begin PBXProject section */
		E0707B7A2B66C97B009CC347 /* Project object */ = {
			isa = PBXProject;
			attributes = {
				BuildIndependentTargetsInParallel = 1;
				LastSwiftUpdateCheck = 1500;
				LastUpgradeCheck = 1500;
				TargetAttributes = {
					E0707B812B66C97B009CC347 = {
						CreatedOnToolsVersion = 15.0.1;
					};
				};
			};
			buildConfigurationList = E0707B7D2B66C97B009CC347 /* Build configuration list for PBXProject "Threads" */;
			compatibilityVersion = "Xcode 14.0";
			developmentRegion = en;
			hasScannedForEncodings = 0;
			knownRegions = (
				en,
				Base,
			);
			mainGroup = E0707B792B66C97B009CC347;
			packageReferences = (
				E0C115FC2B6B131400C2EB96 /* XCRemoteSwiftPackageReference "firebase-ios-sdk" */,
			);
			productRefGroup = E0707B832B66C97B009CC347 /* Products */;
			projectDirPath = "";
			projectRoot = "";
			targets = (
				E0707B812B66C97B009CC347 /* Threads */,
			);
		};
/* End PBXProject section */

/* Begin PBXResourcesBuildPhase section */
		E0707B802B66C97B009CC347 /* Resources */ = {
			isa = PBXResourcesBuildPhase;
			buildActionMask = 2147483647;
			files = (
				E0707B8D2B66C97C009CC347 /* Preview Assets.xcassets in Resources */,
				E0C115FB2B6B124D00C2EB96 /* GoogleService-Info.plist in Resources */,
				E0707B8A2B66C97C009CC347 /* Assets.xcassets in Resources */,
			);
			runOnlyForDeploymentPostprocessing = 0;
		};
/* End PBXResourcesBuildPhase section */

/* Begin PBXSourcesBuildPhase section */
		E0707B7E2B66C97B009CC347 /* Sources */ = {
			isa = PBXSourcesBuildPhase;
			buildActionMask = 2147483647;
			files = (
				E0A93D7F2B6DBBE80037E2FF /* User.swift in Sources */,
				E0A93D8B2B750F640037E2FF /* User+MockData.swift in Sources */,
				E0790D9D2B69C6BF000826A0 /* EditProfileView.swift in Sources */,
				E0A93D812B6DBEAB0037E2FF /* UserService.swift in Sources */,
				E0C1160A2B6B162C00C2EB96 /* AuthService.swift in Sources */,
				E0A93D8F2B7544600037E2FF /* CurrentUserProfileView.swift in Sources */,
				E0C116082B6B159800C2EB96 /* RegistrationViewModel.swift in Sources */,
				E0707BB72B673760009CC347 /* CreateThreadView.swift in Sources */,
				E0A93D892B750A1E0037E2FF /* ExploreViewModel.swift in Sources */,
				E0A93D842B6DC02F0037E2FF /* CurrentUserProfileViewModel.swift in Sources */,
				E0707BB32B67373F009CC347 /* ExploreView.swift in Sources */,
				E0707BBC2B6737C2009CC347 /* ActivityView.swift in Sources */,
				E0707BAF2B67371B009CC347 /* FeedView.swift in Sources */,
				E0A93D932B7547300037E2FF /* ProfileHeaderView.swift in Sources */,
				E0707BA82B671D08009CC347 /* FooterLinkView.swift in Sources */,
				E0A93D7A2B6BD0A90037E2FF /* ContentViewModel.swift in Sources */,
				E0790D932B69B23E000826A0 /* ProfileThreadFilter.swift in Sources */,
				E0707B9D2B66E66B009CC347 /* LoginView.swift in Sources */,
				E0790D972B69B329000826A0 /* LinkAction.swift in Sources */,
				E0707BA62B671C36009CC347 /* ActionButtonView.swift in Sources */,
				E0A93D7D2B6BD61A0037E2FF /* LoginViewModel.swift in Sources */,
				E0707B9F2B67198F009CC347 /* ThreadsTFViewModifier.swift in Sources */,
				E0707BA42B671BDE009CC347 /* AppIconView.swift in Sources */,
				E0707BAB2B673541009CC347 /* ThreadsTabView.swift in Sources */,
				E0707B882B66C97B009CC347 /* ContentView.swift in Sources */,
				E0707B862B66C97B009CC347 /* ThreadsApp.swift in Sources */,
				E0A93D862B7507F10037E2FF /* Collections.swift in Sources */,
				E0A93D952B7548B20037E2FF /* UserContentListView.swift in Sources */,
				E0707BC82B687600009CC347 /* UserCellView.swift in Sources */,
				E0707BC22B67DD94009CC347 /* ThreadCell.swift in Sources */,
				E0707BC52B68758A009CC347 /* CircularProfileImageView.swift in Sources */,
				E0707BC02B6737E3009CC347 /* ProfileView.swift in Sources */,
				E0707BA12B671B15009CC347 /* RegistrationView.swift in Sources */,
				E0790D992B69B355000826A0 /* ButtonAction.swift in Sources */,
			);
			runOnlyForDeploymentPostprocessing = 0;
		};
/* End PBXSourcesBuildPhase section */

/* Begin XCBuildConfiguration section */
		E0707B8E2B66C97C009CC347 /* Debug */ = {
			isa = XCBuildConfiguration;
			buildSettings = {
				ALWAYS_SEARCH_USER_PATHS = NO;
				ASSETCATALOG_COMPILER_GENERATE_SWIFT_ASSET_SYMBOL_EXTENSIONS = YES;
				CLANG_ANALYZER_NONNULL = YES;
				CLANG_ANALYZER_NUMBER_OBJECT_CONVERSION = YES_AGGRESSIVE;
				CLANG_CXX_LANGUAGE_STANDARD = "gnu++20";
				CLANG_ENABLE_MODULES = YES;
				CLANG_ENABLE_OBJC_ARC = YES;
				CLANG_ENABLE_OBJC_WEAK = YES;
				CLANG_WARN_BLOCK_CAPTURE_AUTORELEASING = YES;
				CLANG_WARN_BOOL_CONVERSION = YES;
				CLANG_WARN_COMMA = YES;
				CLANG_WARN_CONSTANT_CONVERSION = YES;
				CLANG_WARN_DEPRECATED_OBJC_IMPLEMENTATIONS = YES;
				CLANG_WARN_DIRECT_OBJC_ISA_USAGE = YES_ERROR;
				CLANG_WARN_DOCUMENTATION_COMMENTS = YES;
				CLANG_WARN_EMPTY_BODY = YES;
				CLANG_WARN_ENUM_CONVERSION = YES;
				CLANG_WARN_INFINITE_RECURSION = YES;
				CLANG_WARN_INT_CONVERSION = YES;
				CLANG_WARN_NON_LITERAL_NULL_CONVERSION = YES;
				CLANG_WARN_OBJC_IMPLICIT_RETAIN_SELF = YES;
				CLANG_WARN_OBJC_LITERAL_CONVERSION = YES;
				CLANG_WARN_OBJC_ROOT_CLASS = YES_ERROR;
				CLANG_WARN_QUOTED_INCLUDE_IN_FRAMEWORK_HEADER = YES;
				CLANG_WARN_RANGE_LOOP_ANALYSIS = YES;
				CLANG_WARN_STRICT_PROTOTYPES = YES;
				CLANG_WARN_SUSPICIOUS_MOVE = YES;
				CLANG_WARN_UNGUARDED_AVAILABILITY = YES_AGGRESSIVE;
				CLANG_WARN_UNREACHABLE_CODE = YES;
				CLANG_WARN__DUPLICATE_METHOD_MATCH = YES;
				COPY_PHASE_STRIP = NO;
				DEBUG_INFORMATION_FORMAT = dwarf;
				ENABLE_STRICT_OBJC_MSGSEND = YES;
				ENABLE_TESTABILITY = YES;
				ENABLE_USER_SCRIPT_SANDBOXING = YES;
				GCC_C_LANGUAGE_STANDARD = gnu17;
				GCC_DYNAMIC_NO_PIC = NO;
				GCC_NO_COMMON_BLOCKS = YES;
				GCC_OPTIMIZATION_LEVEL = 0;
				GCC_PREPROCESSOR_DEFINITIONS = (
					"DEBUG=1",
					"$(inherited)",
				);
				GCC_WARN_64_TO_32_BIT_CONVERSION = YES;
				GCC_WARN_ABOUT_RETURN_TYPE = YES_ERROR;
				GCC_WARN_UNDECLARED_SELECTOR = YES;
				GCC_WARN_UNINITIALIZED_AUTOS = YES_AGGRESSIVE;
				GCC_WARN_UNUSED_FUNCTION = YES;
				GCC_WARN_UNUSED_VARIABLE = YES;
				IPHONEOS_DEPLOYMENT_TARGET = 17.0;
				LOCALIZATION_PREFERS_STRING_CATALOGS = YES;
				MTL_ENABLE_DEBUG_INFO = INCLUDE_SOURCE;
				MTL_FAST_MATH = YES;
				ONLY_ACTIVE_ARCH = YES;
				SDKROOT = iphoneos;
				SWIFT_ACTIVE_COMPILATION_CONDITIONS = "DEBUG $(inherited)";
				SWIFT_OPTIMIZATION_LEVEL = "-Onone";
			};
			name = Debug;
		};
		E0707B8F2B66C97C009CC347 /* Release */ = {
			isa = XCBuildConfiguration;
			buildSettings = {
				ALWAYS_SEARCH_USER_PATHS = NO;
				ASSETCATALOG_COMPILER_GENERATE_SWIFT_ASSET_SYMBOL_EXTENSIONS = YES;
				CLANG_ANALYZER_NONNULL = YES;
				CLANG_ANALYZER_NUMBER_OBJECT_CONVERSION = YES_AGGRESSIVE;
				CLANG_CXX_LANGUAGE_STANDARD = "gnu++20";
				CLANG_ENABLE_MODULES = YES;
				CLANG_ENABLE_OBJC_ARC = YES;
				CLANG_ENABLE_OBJC_WEAK = YES;
				CLANG_WARN_BLOCK_CAPTURE_AUTORELEASING = YES;
				CLANG_WARN_BOOL_CONVERSION = YES;
				CLANG_WARN_COMMA = YES;
				CLANG_WARN_CONSTANT_CONVERSION = YES;
				CLANG_WARN_DEPRECATED_OBJC_IMPLEMENTATIONS = YES;
				CLANG_WARN_DIRECT_OBJC_ISA_USAGE = YES_ERROR;
				CLANG_WARN_DOCUMENTATION_COMMENTS = YES;
				CLANG_WARN_EMPTY_BODY = YES;
				CLANG_WARN_ENUM_CONVERSION = YES;
				CLANG_WARN_INFINITE_RECURSION = YES;
				CLANG_WARN_INT_CONVERSION = YES;
				CLANG_WARN_NON_LITERAL_NULL_CONVERSION = YES;
				CLANG_WARN_OBJC_IMPLICIT_RETAIN_SELF = YES;
				CLANG_WARN_OBJC_LITERAL_CONVERSION = YES;
				CLANG_WARN_OBJC_ROOT_CLASS = YES_ERROR;
				CLANG_WARN_QUOTED_INCLUDE_IN_FRAMEWORK_HEADER = YES;
				CLANG_WARN_RANGE_LOOP_ANALYSIS = YES;
				CLANG_WARN_STRICT_PROTOTYPES = YES;
				CLANG_WARN_SUSPICIOUS_MOVE = YES;
				CLANG_WARN_UNGUARDED_AVAILABILITY = YES_AGGRESSIVE;
				CLANG_WARN_UNREACHABLE_CODE = YES;
				CLANG_WARN__DUPLICATE_METHOD_MATCH = YES;
				COPY_PHASE_STRIP = NO;
				DEBUG_INFORMATION_FORMAT = "dwarf-with-dsym";
				ENABLE_NS_ASSERTIONS = NO;
				ENABLE_STRICT_OBJC_MSGSEND = YES;
				ENABLE_USER_SCRIPT_SANDBOXING = YES;
				GCC_C_LANGUAGE_STANDARD = gnu17;
				GCC_NO_COMMON_BLOCKS = YES;
				GCC_WARN_64_TO_32_BIT_CONVERSION = YES;
				GCC_WARN_ABOUT_RETURN_TYPE = YES_ERROR;
				GCC_WARN_UNDECLARED_SELECTOR = YES;
				GCC_WARN_UNINITIALIZED_AUTOS = YES_AGGRESSIVE;
				GCC_WARN_UNUSED_FUNCTION = YES;
				GCC_WARN_UNUSED_VARIABLE = YES;
				IPHONEOS_DEPLOYMENT_TARGET = 17.0;
				LOCALIZATION_PREFERS_STRING_CATALOGS = YES;
				MTL_ENABLE_DEBUG_INFO = NO;
				MTL_FAST_MATH = YES;
				SDKROOT = iphoneos;
				SWIFT_COMPILATION_MODE = wholemodule;
				VALIDATE_PRODUCT = YES;
			};
			name = Release;
		};
		E0707B912B66C97C009CC347 /* Debug */ = {
			isa = XCBuildConfiguration;
			buildSettings = {
				ASSETCATALOG_COMPILER_APPICON_NAME = AppIcon;
				ASSETCATALOG_COMPILER_GLOBAL_ACCENT_COLOR_NAME = AccentColor;
				CODE_SIGN_STYLE = Automatic;
				CURRENT_PROJECT_VERSION = 1;
				DEVELOPMENT_ASSET_PATHS = "\"Threads/Preview Content\"";
				DEVELOPMENT_TEAM = 4Y6FH4D2V4;
				ENABLE_PREVIEWS = YES;
				GENERATE_INFOPLIST_FILE = YES;
				INFOPLIST_KEY_UIApplicationSceneManifest_Generation = YES;
				INFOPLIST_KEY_UIApplicationSupportsIndirectInputEvents = YES;
				INFOPLIST_KEY_UILaunchScreen_Generation = YES;
				INFOPLIST_KEY_UISupportedInterfaceOrientations_iPad = "UIInterfaceOrientationPortrait UIInterfaceOrientationPortraitUpsideDown UIInterfaceOrientationLandscapeLeft UIInterfaceOrientationLandscapeRight";
				INFOPLIST_KEY_UISupportedInterfaceOrientations_iPhone = "UIInterfaceOrientationPortrait UIInterfaceOrientationLandscapeLeft UIInterfaceOrientationLandscapeRight";
				LD_RUNPATH_SEARCH_PATHS = (
					"$(inherited)",
					"@executable_path/Frameworks",
				);
				MARKETING_VERSION = 1.0;
				PRODUCT_BUNDLE_IDENTIFIER = com.sweeney.Threads;
				PRODUCT_NAME = "$(TARGET_NAME)";
				SWIFT_EMIT_LOC_STRINGS = YES;
				SWIFT_VERSION = 5.0;
				TARGETED_DEVICE_FAMILY = "1,2";
			};
			name = Debug;
		};
		E0707B922B66C97C009CC347 /* Release */ = {
			isa = XCBuildConfiguration;
			buildSettings = {
				ASSETCATALOG_COMPILER_APPICON_NAME = AppIcon;
				ASSETCATALOG_COMPILER_GLOBAL_ACCENT_COLOR_NAME = AccentColor;
				CODE_SIGN_STYLE = Automatic;
				CURRENT_PROJECT_VERSION = 1;
				DEVELOPMENT_ASSET_PATHS = "\"Threads/Preview Content\"";
				DEVELOPMENT_TEAM = 4Y6FH4D2V4;
				ENABLE_PREVIEWS = YES;
				GENERATE_INFOPLIST_FILE = YES;
				INFOPLIST_KEY_UIApplicationSceneManifest_Generation = YES;
				INFOPLIST_KEY_UIApplicationSupportsIndirectInputEvents = YES;
				INFOPLIST_KEY_UILaunchScreen_Generation = YES;
				INFOPLIST_KEY_UISupportedInterfaceOrientations_iPad = "UIInterfaceOrientationPortrait UIInterfaceOrientationPortraitUpsideDown UIInterfaceOrientationLandscapeLeft UIInterfaceOrientationLandscapeRight";
				INFOPLIST_KEY_UISupportedInterfaceOrientations_iPhone = "UIInterfaceOrientationPortrait UIInterfaceOrientationLandscapeLeft UIInterfaceOrientationLandscapeRight";
				LD_RUNPATH_SEARCH_PATHS = (
					"$(inherited)",
					"@executable_path/Frameworks",
				);
				MARKETING_VERSION = 1.0;
				PRODUCT_BUNDLE_IDENTIFIER = com.sweeney.Threads;
				PRODUCT_NAME = "$(TARGET_NAME)";
				SWIFT_EMIT_LOC_STRINGS = YES;
				SWIFT_VERSION = 5.0;
				TARGETED_DEVICE_FAMILY = "1,2";
			};
			name = Release;
		};
/* End XCBuildConfiguration section */

/* Begin XCConfigurationList section */
		E0707B7D2B66C97B009CC347 /* Build configuration list for PBXProject "Threads" */ = {
			isa = XCConfigurationList;
			buildConfigurations = (
				E0707B8E2B66C97C009CC347 /* Debug */,
				E0707B8F2B66C97C009CC347 /* Release */,
			);
			defaultConfigurationIsVisible = 0;
			defaultConfigurationName = Release;
		};
		E0707B902B66C97C009CC347 /* Build configuration list for PBXNativeTarget "Threads" */ = {
			isa = XCConfigurationList;
			buildConfigurations = (
				E0707B912B66C97C009CC347 /* Debug */,
				E0707B922B66C97C009CC347 /* Release */,
			);
			defaultConfigurationIsVisible = 0;
			defaultConfigurationName = Release;
		};
/* End XCConfigurationList section */

/* Begin XCRemoteSwiftPackageReference section */
		E0C115FC2B6B131400C2EB96 /* XCRemoteSwiftPackageReference "firebase-ios-sdk" */ = {
			isa = XCRemoteSwiftPackageReference;
			repositoryURL = "https://github.com/firebase/firebase-ios-sdk";
			requirement = {
				kind = upToNextMajorVersion;
				minimumVersion = 10.20.0;
			};
		};
/* End XCRemoteSwiftPackageReference section */

/* Begin XCSwiftPackageProductDependency section */
		E0C115FD2B6B131400C2EB96 /* FirebaseAuth */ = {
			isa = XCSwiftPackageProductDependency;
			package = E0C115FC2B6B131400C2EB96 /* XCRemoteSwiftPackageReference "firebase-ios-sdk" */;
			productName = FirebaseAuth;
		};
		E0C115FF2B6B131400C2EB96 /* FirebaseFirestore */ = {
			isa = XCSwiftPackageProductDependency;
			package = E0C115FC2B6B131400C2EB96 /* XCRemoteSwiftPackageReference "firebase-ios-sdk" */;
			productName = FirebaseFirestore;
		};
		E0C116012B6B131400C2EB96 /* FirebaseFirestoreSwift */ = {
			isa = XCSwiftPackageProductDependency;
			package = E0C115FC2B6B131400C2EB96 /* XCRemoteSwiftPackageReference "firebase-ios-sdk" */;
			productName = FirebaseFirestoreSwift;
		};
		E0C116032B6B131400C2EB96 /* FirebaseStorage */ = {
			isa = XCSwiftPackageProductDependency;
			package = E0C115FC2B6B131400C2EB96 /* XCRemoteSwiftPackageReference "firebase-ios-sdk" */;
			productName = FirebaseStorage;
		};
/* End XCSwiftPackageProductDependency section */
	};
	rootObject = E0707B7A2B66C97B009CC347 /* Project object */;
}
